// !$*UTF8*$!
{
	archiveVersion = 1;
	classes = {
	};
	objectVersion = 46;
	objects = {

/* Begin PBXBuildFile section */
		2312DBC71F472C4A006BB2D2 /* AudioPlayer.swift in Sources */ = {isa = PBXBuildFile; fileRef = 2312DBC61F472C4A006BB2D2 /* AudioPlayer.swift */; };
		232E8DAA1F016DAF00E642FE /* AppDelegate.swift in Sources */ = {isa = PBXBuildFile; fileRef = 232E8DA91F016DAF00E642FE /* AppDelegate.swift */; };
		232E8DAC1F016DAF00E642FE /* ViewController.swift in Sources */ = {isa = PBXBuildFile; fileRef = 232E8DAB1F016DAF00E642FE /* ViewController.swift */; };
		232E8DAF1F016DAF00E642FE /* Main.storyboard in Resources */ = {isa = PBXBuildFile; fileRef = 232E8DAD1F016DAF00E642FE /* Main.storyboard */; };
		232E8DB11F016DAF00E642FE /* Assets.xcassets in Resources */ = {isa = PBXBuildFile; fileRef = 232E8DB01F016DAF00E642FE /* Assets.xcassets */; };
		232E8DB41F016DAF00E642FE /* LaunchScreen.storyboard in Resources */ = {isa = PBXBuildFile; fileRef = 232E8DB21F016DAF00E642FE /* LaunchScreen.storyboard */; };
		232E8DBF1F016DAF00E642FE /* ILoveYouTests.swift in Sources */ = {isa = PBXBuildFile; fileRef = 232E8DBE1F016DAF00E642FE /* ILoveYouTests.swift */; };
		232E8DCA1F016DAF00E642FE /* ILoveYouUITests.swift in Sources */ = {isa = PBXBuildFile; fileRef = 232E8DC91F016DAF00E642FE /* ILoveYouUITests.swift */; };
		233AF93A1F84FB0A0047141B /* FloatingHearts.framework in Frameworks */ = {isa = PBXBuildFile; fileRef = 233AF9371F84FADB0047141B /* FloatingHearts.framework */; };
		233AF93B1F84FB0A0047141B /* FloatingHearts.framework in Embed Frameworks */ = {isa = PBXBuildFile; fileRef = 233AF9371F84FADB0047141B /* FloatingHearts.framework */; settings = {ATTRIBUTES = (CodeSignOnCopy, RemoveHeadersOnCopy, ); }; };
		2340247D1F0673DB00CE742C /* UIView.swift in Sources */ = {isa = PBXBuildFile; fileRef = 2340247C1F0673DB00CE742C /* UIView.swift */; };
		238622BC1F86202200BB32AC /* Shared.swift in Sources */ = {isa = PBXBuildFile; fileRef = 238622BB1F86202200BB32AC /* Shared.swift */; };
		238622BE1F862EF500BB32AC /* GradienViewGrafic.swift in Sources */ = {isa = PBXBuildFile; fileRef = 238622BD1F862EF500BB32AC /* GradienViewGrafic.swift */; };
		239CFC711F88C2C600AB7758 /* UIButton.swift in Sources */ = {isa = PBXBuildFile; fileRef = 239CFC701F88C2C600AB7758 /* UIButton.swift */; };
		239CFC741F88C2DB00AB7758 /* Int.swift in Sources */ = {isa = PBXBuildFile; fileRef = 239CFC731F88C2DB00AB7758 /* Int.swift */; };
		23F8E3071F07EA9A00D05E5A /* GoogleService-Info.plist in Resources */ = {isa = PBXBuildFile; fileRef = 23F8E3061F07EA9A00D05E5A /* GoogleService-Info.plist */; };
		23F8E3091F08319A00D05E5A /* Keys.swift in Sources */ = {isa = PBXBuildFile; fileRef = 23F8E3081F08319A00D05E5A /* Keys.swift */; };
		23F8E30B1F096F1900D05E5A /* AdSupport.framework in Frameworks */ = {isa = PBXBuildFile; fileRef = 23F8E30A1F096F1900D05E5A /* AdSupport.framework */; };
		6E3965817F834FAB3881F81E /* Pods_ILoveYouUITests.framework in Frameworks */ = {isa = PBXBuildFile; fileRef = C24FD560BA0BF840BD5DE5B6 /* Pods_ILoveYouUITests.framework */; };
		8B857E1C921A6B82A8707AF0 /* Pods_ILoveYou.framework in Frameworks */ = {isa = PBXBuildFile; fileRef = 526CF8F5B30603147889CF04 /* Pods_ILoveYou.framework */; };
		B5C0766F429FDAB633C28AE7 /* Pods_ILoveYouTests.framework in Frameworks */ = {isa = PBXBuildFile; fileRef = A6482F01951E18E353E678AB /* Pods_ILoveYouTests.framework */; };
/* End PBXBuildFile section */

/* Begin PBXContainerItemProxy section */
		232E8DBB1F016DAF00E642FE /* PBXContainerItemProxy */ = {
			isa = PBXContainerItemProxy;
			containerPortal = 232E8D9E1F016DAF00E642FE /* Project object */;
			proxyType = 1;
			remoteGlobalIDString = 232E8DA51F016DAF00E642FE;
			remoteInfo = ILoveYou;
		};
		232E8DC61F016DAF00E642FE /* PBXContainerItemProxy */ = {
			isa = PBXContainerItemProxy;
			containerPortal = 232E8D9E1F016DAF00E642FE /* Project object */;
			proxyType = 1;
			remoteGlobalIDString = 232E8DA51F016DAF00E642FE;
			remoteInfo = ILoveYou;
		};
		233AF9361F84FADB0047141B /* PBXContainerItemProxy */ = {
			isa = PBXContainerItemProxy;
			containerPortal = 233AF9311F84FADB0047141B /* FloatingHearts.xcodeproj */;
			proxyType = 2;
			remoteGlobalIDString = A1A867711CC82E5C001BBB2D;
			remoteInfo = FloatingHearts;
		};
		233AF9381F84FADB0047141B /* PBXContainerItemProxy */ = {
			isa = PBXContainerItemProxy;
			containerPortal = 233AF9311F84FADB0047141B /* FloatingHearts.xcodeproj */;
			proxyType = 2;
			remoteGlobalIDString = A1A867801CC82E83001BBB2D;
			remoteInfo = FloatingHeartsExample;
		};
		233AF93C1F84FB0A0047141B /* PBXContainerItemProxy */ = {
			isa = PBXContainerItemProxy;
			containerPortal = 233AF9311F84FADB0047141B /* FloatingHearts.xcodeproj */;
			proxyType = 1;
			remoteGlobalIDString = A1A867701CC82E5C001BBB2D;
			remoteInfo = FloatingHearts;
		};
/* End PBXContainerItemProxy section */

/* Begin PBXCopyFilesBuildPhase section */
		233E61851F63E60F005ABCF3 /* Embed Frameworks */ = {
			isa = PBXCopyFilesBuildPhase;
			buildActionMask = 2147483647;
			dstPath = "";
			dstSubfolderSpec = 10;
			files = (
				233AF93B1F84FB0A0047141B /* FloatingHearts.framework in Embed Frameworks */,
			);
			name = "Embed Frameworks";
			runOnlyForDeploymentPostprocessing = 0;
		};
/* End PBXCopyFilesBuildPhase section */

/* Begin PBXFileReference section */
		2312DBC61F472C4A006BB2D2 /* AudioPlayer.swift */ = {isa = PBXFileReference; fileEncoding = 4; lastKnownFileType = sourcecode.swift; path = AudioPlayer.swift; sourceTree = "<group>"; };
		2312DBCA1F485E1B006BB2D2 /* AVFoundation.framework */ = {isa = PBXFileReference; lastKnownFileType = wrapper.framework; name = AVFoundation.framework; path = System/Library/Frameworks/AVFoundation.framework; sourceTree = SDKROOT; };
		232E8DA61F016DAF00E642FE /* ILoveYou.app */ = {isa = PBXFileReference; explicitFileType = wrapper.application; includeInIndex = 0; path = ILoveYou.app; sourceTree = BUILT_PRODUCTS_DIR; };
		232E8DA91F016DAF00E642FE /* AppDelegate.swift */ = {isa = PBXFileReference; lastKnownFileType = sourcecode.swift; path = AppDelegate.swift; sourceTree = "<group>"; };
		232E8DAB1F016DAF00E642FE /* ViewController.swift */ = {isa = PBXFileReference; lastKnownFileType = sourcecode.swift; path = ViewController.swift; sourceTree = "<group>"; };
		232E8DAE1F016DAF00E642FE /* Base */ = {isa = PBXFileReference; lastKnownFileType = file.storyboard; name = Base; path = Base.lproj/Main.storyboard; sourceTree = "<group>"; };
		232E8DB01F016DAF00E642FE /* Assets.xcassets */ = {isa = PBXFileReference; lastKnownFileType = folder.assetcatalog; path = Assets.xcassets; sourceTree = "<group>"; };
		232E8DB31F016DAF00E642FE /* Base */ = {isa = PBXFileReference; lastKnownFileType = file.storyboard; name = Base; path = Base.lproj/LaunchScreen.storyboard; sourceTree = "<group>"; };
		232E8DB51F016DAF00E642FE /* Info.plist */ = {isa = PBXFileReference; lastKnownFileType = text.plist.xml; path = Info.plist; sourceTree = "<group>"; };
		232E8DBA1F016DAF00E642FE /* ILoveYouTests.xctest */ = {isa = PBXFileReference; explicitFileType = wrapper.cfbundle; includeInIndex = 0; path = ILoveYouTests.xctest; sourceTree = BUILT_PRODUCTS_DIR; };
		232E8DBE1F016DAF00E642FE /* ILoveYouTests.swift */ = {isa = PBXFileReference; lastKnownFileType = sourcecode.swift; path = ILoveYouTests.swift; sourceTree = "<group>"; };
		232E8DC01F016DAF00E642FE /* Info.plist */ = {isa = PBXFileReference; lastKnownFileType = text.plist.xml; path = Info.plist; sourceTree = "<group>"; };
		232E8DC51F016DAF00E642FE /* ILoveYouUITests.xctest */ = {isa = PBXFileReference; explicitFileType = wrapper.cfbundle; includeInIndex = 0; path = ILoveYouUITests.xctest; sourceTree = BUILT_PRODUCTS_DIR; };
		232E8DC91F016DAF00E642FE /* ILoveYouUITests.swift */ = {isa = PBXFileReference; lastKnownFileType = sourcecode.swift; path = ILoveYouUITests.swift; sourceTree = "<group>"; };
		232E8DCB1F016DAF00E642FE /* Info.plist */ = {isa = PBXFileReference; lastKnownFileType = text.plist.xml; path = Info.plist; sourceTree = "<group>"; };
		233AF9311F84FADB0047141B /* FloatingHearts.xcodeproj */ = {isa = PBXFileReference; lastKnownFileType = "wrapper.pb-project"; name = FloatingHearts.xcodeproj; path = "../../FloatingHearts-master/FloatingHearts.xcodeproj"; sourceTree = "<group>"; };
		233E61431F63E129005ABCF3 /* FloatingHearts-master */ = {isa = PBXFileReference; lastKnownFileType = folder; name = "FloatingHearts-master"; path = "../FloatingHearts-master"; sourceTree = "<group>"; };
		2340247C1F0673DB00CE742C /* UIView.swift */ = {isa = PBXFileReference; fileEncoding = 4; lastKnownFileType = sourcecode.swift; path = UIView.swift; sourceTree = "<group>"; };
		238622BB1F86202200BB32AC /* Shared.swift */ = {isa = PBXFileReference; lastKnownFileType = sourcecode.swift; path = Shared.swift; sourceTree = "<group>"; };
		238622BD1F862EF500BB32AC /* GradienViewGrafic.swift */ = {isa = PBXFileReference; lastKnownFileType = sourcecode.swift; path = GradienViewGrafic.swift; sourceTree = "<group>"; };
		239CFC701F88C2C600AB7758 /* UIButton.swift */ = {isa = PBXFileReference; lastKnownFileType = sourcecode.swift; path = UIButton.swift; sourceTree = "<group>"; };
		239CFC731F88C2DB00AB7758 /* Int.swift */ = {isa = PBXFileReference; lastKnownFileType = sourcecode.swift; path = Int.swift; sourceTree = "<group>"; };
		23F8E3061F07EA9A00D05E5A /* GoogleService-Info.plist */ = {isa = PBXFileReference; fileEncoding = 4; lastKnownFileType = text.plist.xml; path = "GoogleService-Info.plist"; sourceTree = "<group>"; };
		23F8E3081F08319A00D05E5A /* Keys.swift */ = {isa = PBXFileReference; fileEncoding = 4; lastKnownFileType = sourcecode.swift; path = Keys.swift; sourceTree = "<group>"; };
		23F8E30A1F096F1900D05E5A /* AdSupport.framework */ = {isa = PBXFileReference; lastKnownFileType = wrapper.framework; name = AdSupport.framework; path = System/Library/Frameworks/AdSupport.framework; sourceTree = SDKROOT; };
		293D9F1FB65FB3C708BE6BD7 /* Pods-ILoveYou.debug.xcconfig */ = {isa = PBXFileReference; includeInIndex = 1; lastKnownFileType = text.xcconfig; name = "Pods-ILoveYou.debug.xcconfig"; path = "Pods/Target Support Files/Pods-ILoveYou/Pods-ILoveYou.debug.xcconfig"; sourceTree = "<group>"; };
		30067C6790784342B641D367 /* Pods-ILoveYouTests.debug.xcconfig */ = {isa = PBXFileReference; includeInIndex = 1; lastKnownFileType = text.xcconfig; name = "Pods-ILoveYouTests.debug.xcconfig"; path = "Pods/Target Support Files/Pods-ILoveYouTests/Pods-ILoveYouTests.debug.xcconfig"; sourceTree = "<group>"; };
		526CF8F5B30603147889CF04 /* Pods_ILoveYou.framework */ = {isa = PBXFileReference; explicitFileType = wrapper.framework; includeInIndex = 0; path = Pods_ILoveYou.framework; sourceTree = BUILT_PRODUCTS_DIR; };
		61DCBEDCDFC046B29F0D3929 /* Pods-ILoveYouTests.release.xcconfig */ = {isa = PBXFileReference; includeInIndex = 1; lastKnownFileType = text.xcconfig; name = "Pods-ILoveYouTests.release.xcconfig"; path = "Pods/Target Support Files/Pods-ILoveYouTests/Pods-ILoveYouTests.release.xcconfig"; sourceTree = "<group>"; };
		A6482F01951E18E353E678AB /* Pods_ILoveYouTests.framework */ = {isa = PBXFileReference; explicitFileType = wrapper.framework; includeInIndex = 0; path = Pods_ILoveYouTests.framework; sourceTree = BUILT_PRODUCTS_DIR; };
		C24FD560BA0BF840BD5DE5B6 /* Pods_ILoveYouUITests.framework */ = {isa = PBXFileReference; explicitFileType = wrapper.framework; includeInIndex = 0; path = Pods_ILoveYouUITests.framework; sourceTree = BUILT_PRODUCTS_DIR; };
		CC89CCC80C381320E19DB942 /* Pods-ILoveYou.release.xcconfig */ = {isa = PBXFileReference; includeInIndex = 1; lastKnownFileType = text.xcconfig; name = "Pods-ILoveYou.release.xcconfig"; path = "Pods/Target Support Files/Pods-ILoveYou/Pods-ILoveYou.release.xcconfig"; sourceTree = "<group>"; };
		DB9BB25A614FA7A79D6A975F /* Pods-ILoveYouUITests.release.xcconfig */ = {isa = PBXFileReference; includeInIndex = 1; lastKnownFileType = text.xcconfig; name = "Pods-ILoveYouUITests.release.xcconfig"; path = "Pods/Target Support Files/Pods-ILoveYouUITests/Pods-ILoveYouUITests.release.xcconfig"; sourceTree = "<group>"; };
		FA25F7C7E1E7CFFAFA6EEEE1 /* Pods-ILoveYouUITests.debug.xcconfig */ = {isa = PBXFileReference; includeInIndex = 1; lastKnownFileType = text.xcconfig; name = "Pods-ILoveYouUITests.debug.xcconfig"; path = "Pods/Target Support Files/Pods-ILoveYouUITests/Pods-ILoveYouUITests.debug.xcconfig"; sourceTree = "<group>"; };
/* End PBXFileReference section */

/* Begin PBXFrameworksBuildPhase section */
		232E8DA31F016DAF00E642FE /* Frameworks */ = {
			isa = PBXFrameworksBuildPhase;
			buildActionMask = 2147483647;
			files = (
				23F8E30B1F096F1900D05E5A /* AdSupport.framework in Frameworks */,
				233AF93A1F84FB0A0047141B /* FloatingHearts.framework in Frameworks */,
				8B857E1C921A6B82A8707AF0 /* Pods_ILoveYou.framework in Frameworks */,
			);
			runOnlyForDeploymentPostprocessing = 0;
		};
		232E8DB71F016DAF00E642FE /* Frameworks */ = {
			isa = PBXFrameworksBuildPhase;
			buildActionMask = 2147483647;
			files = (
				B5C0766F429FDAB633C28AE7 /* Pods_ILoveYouTests.framework in Frameworks */,
			);
			runOnlyForDeploymentPostprocessing = 0;
		};
		232E8DC21F016DAF00E642FE /* Frameworks */ = {
			isa = PBXFrameworksBuildPhase;
			buildActionMask = 2147483647;
			files = (
				6E3965817F834FAB3881F81E /* Pods_ILoveYouUITests.framework in Frameworks */,
			);
			runOnlyForDeploymentPostprocessing = 0;
		};
/* End PBXFrameworksBuildPhase section */

/* Begin PBXGroup section */
		232E8D9D1F016DAF00E642FE = {
			isa = PBXGroup;
			children = (
				232E8DA81F016DAF00E642FE /* ILoveYou */,
				232E8DBD1F016DAF00E642FE /* ILoveYouTests */,
				232E8DC81F016DAF00E642FE /* ILoveYouUITests */,
				232E8DA71F016DAF00E642FE /* Products */,
				42D80EA4ADD6901D2FFDF60B /* Pods */,
				5B45854801D52DA69102D744 /* Frameworks */,
			);
			sourceTree = "<group>";
		};
		232E8DA71F016DAF00E642FE /* Products */ = {
			isa = PBXGroup;
			children = (
				232E8DA61F016DAF00E642FE /* ILoveYou.app */,
				232E8DBA1F016DAF00E642FE /* ILoveYouTests.xctest */,
				232E8DC51F016DAF00E642FE /* ILoveYouUITests.xctest */,
			);
			name = Products;
			sourceTree = "<group>";
		};
		232E8DA81F016DAF00E642FE /* ILoveYou */ = {
			isa = PBXGroup;
			children = (
				233AF92E1F84F85C0047141B /* External Libraries */,
				2340247B1F0673AD00CE742C /* extentions */,
				232E8DA91F016DAF00E642FE /* AppDelegate.swift */,
				2312DBC61F472C4A006BB2D2 /* AudioPlayer.swift */,
				23F8E3081F08319A00D05E5A /* Keys.swift */,
				232E8DAB1F016DAF00E642FE /* ViewController.swift */,
				238622BD1F862EF500BB32AC /* GradienViewGrafic.swift */,
				238622BB1F86202200BB32AC /* Shared.swift */,
				232E8DAD1F016DAF00E642FE /* Main.storyboard */,
				232E8DB01F016DAF00E642FE /* Assets.xcassets */,
				232E8DB21F016DAF00E642FE /* LaunchScreen.storyboard */,
				23F8E3061F07EA9A00D05E5A /* GoogleService-Info.plist */,
				232E8DB51F016DAF00E642FE /* Info.plist */,
			);
			path = ILoveYou;
			sourceTree = "<group>";
		};
		232E8DBD1F016DAF00E642FE /* ILoveYouTests */ = {
			isa = PBXGroup;
			children = (
				232E8DBE1F016DAF00E642FE /* ILoveYouTests.swift */,
				232E8DC01F016DAF00E642FE /* Info.plist */,
			);
			path = ILoveYouTests;
			sourceTree = "<group>";
		};
		232E8DC81F016DAF00E642FE /* ILoveYouUITests */ = {
			isa = PBXGroup;
			children = (
				232E8DC91F016DAF00E642FE /* ILoveYouUITests.swift */,
				232E8DCB1F016DAF00E642FE /* Info.plist */,
			);
			path = ILoveYouUITests;
			sourceTree = "<group>";
		};
		233AF92E1F84F85C0047141B /* External Libraries */ = {
			isa = PBXGroup;
			children = (
				233AF9311F84FADB0047141B /* FloatingHearts.xcodeproj */,
			);
			name = "External Libraries";
			sourceTree = "<group>";
		};
		233AF9321F84FADB0047141B /* Products */ = {
			isa = PBXGroup;
			children = (
				233AF9371F84FADB0047141B /* FloatingHearts.framework */,
				233AF9391F84FADB0047141B /* FloatingHeartsExample.app */,
			);
			name = Products;
			sourceTree = "<group>";
		};
		2340247B1F0673AD00CE742C /* extentions */ = {
			isa = PBXGroup;
			children = (
				239CFC751F88C2FE00AB7758 /* UIKit */,
				239CFC731F88C2DB00AB7758 /* Int.swift */,
			);
			name = extentions;
			sourceTree = "<group>";
		};
		239CFC751F88C2FE00AB7758 /* UIKit */ = {
			isa = PBXGroup;
			children = (
				239CFC701F88C2C600AB7758 /* UIButton.swift */,
				2340247C1F0673DB00CE742C /* UIView.swift */,
			);
			name = UIKit;
			sourceTree = "<group>";
		};
		42D80EA4ADD6901D2FFDF60B /* Pods */ = {
			isa = PBXGroup;
			children = (
				293D9F1FB65FB3C708BE6BD7 /* Pods-ILoveYou.debug.xcconfig */,
				CC89CCC80C381320E19DB942 /* Pods-ILoveYou.release.xcconfig */,
				30067C6790784342B641D367 /* Pods-ILoveYouTests.debug.xcconfig */,
				61DCBEDCDFC046B29F0D3929 /* Pods-ILoveYouTests.release.xcconfig */,
				FA25F7C7E1E7CFFAFA6EEEE1 /* Pods-ILoveYouUITests.debug.xcconfig */,
				DB9BB25A614FA7A79D6A975F /* Pods-ILoveYouUITests.release.xcconfig */,
			);
			name = Pods;
			sourceTree = "<group>";
		};
		5B45854801D52DA69102D744 /* Frameworks */ = {
			isa = PBXGroup;
			children = (
				233E61431F63E129005ABCF3 /* FloatingHearts-master */,
				2312DBCA1F485E1B006BB2D2 /* AVFoundation.framework */,
				23F8E30A1F096F1900D05E5A /* AdSupport.framework */,
				526CF8F5B30603147889CF04 /* Pods_ILoveYou.framework */,
				A6482F01951E18E353E678AB /* Pods_ILoveYouTests.framework */,
				C24FD560BA0BF840BD5DE5B6 /* Pods_ILoveYouUITests.framework */,
			);
			name = Frameworks;
			sourceTree = "<group>";
		};
/* End PBXGroup section */

/* Begin PBXNativeTarget section */
		232E8DA51F016DAF00E642FE /* ILoveYou */ = {
			isa = PBXNativeTarget;
			buildConfigurationList = 232E8DCE1F016DAF00E642FE /* Build configuration list for PBXNativeTarget "ILoveYou" */;
			buildPhases = (
				48306E19EA26AF6160105048 /* [CP] Check Pods Manifest.lock */,
				232E8DA21F016DAF00E642FE /* Sources */,
				232E8DA31F016DAF00E642FE /* Frameworks */,
				232E8DA41F016DAF00E642FE /* Resources */,
				775F3F94297B9C4A9D63FFB3 /* [CP] Embed Pods Frameworks */,
				917CF42C17F69DAA8D648D21 /* [CP] Copy Pods Resources */,
				233E61851F63E60F005ABCF3 /* Embed Frameworks */,
			);
			buildRules = (
			);
			dependencies = (
				233AF93D1F84FB0A0047141B /* PBXTargetDependency */,
			);
			name = ILoveYou;
			productName = ILoveYou;
			productReference = 232E8DA61F016DAF00E642FE /* ILoveYou.app */;
			productType = "com.apple.product-type.application";
		};
		232E8DB91F016DAF00E642FE /* ILoveYouTests */ = {
			isa = PBXNativeTarget;
			buildConfigurationList = 232E8DD11F016DAF00E642FE /* Build configuration list for PBXNativeTarget "ILoveYouTests" */;
			buildPhases = (
				EF4A435C2D2D8D090E1D0C8D /* [CP] Check Pods Manifest.lock */,
				232E8DB61F016DAF00E642FE /* Sources */,
				232E8DB71F016DAF00E642FE /* Frameworks */,
				232E8DB81F016DAF00E642FE /* Resources */,
				45A5EFF58693C7D658C4954D /* [CP] Embed Pods Frameworks */,
				F47C417289C4A78F32500DC1 /* [CP] Copy Pods Resources */,
			);
			buildRules = (
			);
			dependencies = (
				232E8DBC1F016DAF00E642FE /* PBXTargetDependency */,
			);
			name = ILoveYouTests;
			productName = ILoveYouTests;
			productReference = 232E8DBA1F016DAF00E642FE /* ILoveYouTests.xctest */;
			productType = "com.apple.product-type.bundle.unit-test";
		};
		232E8DC41F016DAF00E642FE /* ILoveYouUITests */ = {
			isa = PBXNativeTarget;
			buildConfigurationList = 232E8DD41F016DAF00E642FE /* Build configuration list for PBXNativeTarget "ILoveYouUITests" */;
			buildPhases = (
				EA7B65003AF346FFC8A88820 /* [CP] Check Pods Manifest.lock */,
				232E8DC11F016DAF00E642FE /* Sources */,
				232E8DC21F016DAF00E642FE /* Frameworks */,
				232E8DC31F016DAF00E642FE /* Resources */,
				F52F591F6F4832B9FA1F7458 /* [CP] Embed Pods Frameworks */,
				ABCBD88184CA1729C229DCC6 /* [CP] Copy Pods Resources */,
			);
			buildRules = (
			);
			dependencies = (
				232E8DC71F016DAF00E642FE /* PBXTargetDependency */,
			);
			name = ILoveYouUITests;
			productName = ILoveYouUITests;
			productReference = 232E8DC51F016DAF00E642FE /* ILoveYouUITests.xctest */;
			productType = "com.apple.product-type.bundle.ui-testing";
		};
/* End PBXNativeTarget section */

/* Begin PBXProject section */
		232E8D9E1F016DAF00E642FE /* Project object */ = {
			isa = PBXProject;
			attributes = {
				LastSwiftUpdateCheck = 0830;
				LastUpgradeCheck = 0830;
				ORGANIZATIONNAME = "Tania Berezovski";
				TargetAttributes = {
					232E8DA51F016DAF00E642FE = {
						CreatedOnToolsVersion = 8.3.1;
						DevelopmentTeam = HS2EBXX3A9;
						ProvisioningStyle = Automatic;
					};
					232E8DB91F016DAF00E642FE = {
						CreatedOnToolsVersion = 8.3.1;
						DevelopmentTeam = HS2EBXX3A9;
						ProvisioningStyle = Automatic;
						TestTargetID = 232E8DA51F016DAF00E642FE;
					};
					232E8DC41F016DAF00E642FE = {
						CreatedOnToolsVersion = 8.3.1;
						DevelopmentTeam = HS2EBXX3A9;
						ProvisioningStyle = Automatic;
						TestTargetID = 232E8DA51F016DAF00E642FE;
					};
				};
			};
			buildConfigurationList = 232E8DA11F016DAF00E642FE /* Build configuration list for PBXProject "ILoveYou" */;
			compatibilityVersion = "Xcode 3.2";
			developmentRegion = English;
			hasScannedForEncodings = 0;
			knownRegions = (
				en,
				Base,
			);
			mainGroup = 232E8D9D1F016DAF00E642FE;
			productRefGroup = 232E8DA71F016DAF00E642FE /* Products */;
			projectDirPath = "";
			projectReferences = (
				{
					ProductGroup = 233AF9321F84FADB0047141B /* Products */;
					ProjectRef = 233AF9311F84FADB0047141B /* FloatingHearts.xcodeproj */;
				},
			);
			projectRoot = "";
			targets = (
				232E8DA51F016DAF00E642FE /* ILoveYou */,
				232E8DB91F016DAF00E642FE /* ILoveYouTests */,
				232E8DC41F016DAF00E642FE /* ILoveYouUITests */,
			);
		};
/* End PBXProject section */

/* Begin PBXReferenceProxy section */
		233AF9371F84FADB0047141B /* FloatingHearts.framework */ = {
			isa = PBXReferenceProxy;
			fileType = wrapper.framework;
			path = FloatingHearts.framework;
			remoteRef = 233AF9361F84FADB0047141B /* PBXContainerItemProxy */;
			sourceTree = BUILT_PRODUCTS_DIR;
		};
		233AF9391F84FADB0047141B /* FloatingHeartsExample.app */ = {
			isa = PBXReferenceProxy;
			fileType = wrapper.application;
			path = FloatingHeartsExample.app;
			remoteRef = 233AF9381F84FADB0047141B /* PBXContainerItemProxy */;
			sourceTree = BUILT_PRODUCTS_DIR;
		};
/* End PBXReferenceProxy section */

/* Begin PBXResourcesBuildPhase section */
		232E8DA41F016DAF00E642FE /* Resources */ = {
			isa = PBXResourcesBuildPhase;
			buildActionMask = 2147483647;
			files = (
				232E8DB41F016DAF00E642FE /* LaunchScreen.storyboard in Resources */,
				23F8E3071F07EA9A00D05E5A /* GoogleService-Info.plist in Resources */,
				232E8DB11F016DAF00E642FE /* Assets.xcassets in Resources */,
				232E8DAF1F016DAF00E642FE /* Main.storyboard in Resources */,
			);
			runOnlyForDeploymentPostprocessing = 0;
		};
		232E8DB81F016DAF00E642FE /* Resources */ = {
			isa = PBXResourcesBuildPhase;
			buildActionMask = 2147483647;
			files = (
			);
			runOnlyForDeploymentPostprocessing = 0;
		};
		232E8DC31F016DAF00E642FE /* Resources */ = {
			isa = PBXResourcesBuildPhase;
			buildActionMask = 2147483647;
			files = (
			);
			runOnlyForDeploymentPostprocessing = 0;
		};
/* End PBXResourcesBuildPhase section */

/* Begin PBXShellScriptBuildPhase section */
		45A5EFF58693C7D658C4954D /* [CP] Embed Pods Frameworks */ = {
			isa = PBXShellScriptBuildPhase;
			buildActionMask = 2147483647;
			files = (
			);
			inputPaths = (
			);
			name = "[CP] Embed Pods Frameworks";
			outputPaths = (
			);
			runOnlyForDeploymentPostprocessing = 0;
			shellPath = /bin/sh;
			shellScript = "\"${SRCROOT}/Pods/Target Support Files/Pods-ILoveYouTests/Pods-ILoveYouTests-frameworks.sh\"\n";
			showEnvVarsInLog = 0;
		};
		48306E19EA26AF6160105048 /* [CP] Check Pods Manifest.lock */ = {
			isa = PBXShellScriptBuildPhase;
			buildActionMask = 2147483647;
			files = (
			);
			inputPaths = (
			);
			name = "[CP] Check Pods Manifest.lock";
			outputPaths = (
			);
			runOnlyForDeploymentPostprocessing = 0;
			shellPath = /bin/sh;
			shellScript = "diff \"${PODS_ROOT}/../Podfile.lock\" \"${PODS_ROOT}/Manifest.lock\" > /dev/null\nif [ $? != 0 ] ; then\n    # print error to STDERR\n    echo \"error: The sandbox is not in sync with the Podfile.lock. Run 'pod install' or update your CocoaPods installation.\" >&2\n    exit 1\nfi\n";
			showEnvVarsInLog = 0;
		};
		775F3F94297B9C4A9D63FFB3 /* [CP] Embed Pods Frameworks */ = {
			isa = PBXShellScriptBuildPhase;
			buildActionMask = 2147483647;
			files = (
			);
			inputPaths = (
			);
			name = "[CP] Embed Pods Frameworks";
			outputPaths = (
			);
			runOnlyForDeploymentPostprocessing = 0;
			shellPath = /bin/sh;
			shellScript = "\"${SRCROOT}/Pods/Target Support Files/Pods-ILoveYou/Pods-ILoveYou-frameworks.sh\"\n";
			showEnvVarsInLog = 0;
		};
		917CF42C17F69DAA8D648D21 /* [CP] Copy Pods Resources */ = {
			isa = PBXShellScriptBuildPhase;
			buildActionMask = 2147483647;
			files = (
			);
			inputPaths = (
			);
			name = "[CP] Copy Pods Resources";
			outputPaths = (
			);
			runOnlyForDeploymentPostprocessing = 0;
			shellPath = /bin/sh;
			shellScript = "\"${SRCROOT}/Pods/Target Support Files/Pods-ILoveYou/Pods-ILoveYou-resources.sh\"\n";
			showEnvVarsInLog = 0;
		};
		ABCBD88184CA1729C229DCC6 /* [CP] Copy Pods Resources */ = {
			isa = PBXShellScriptBuildPhase;
			buildActionMask = 2147483647;
			files = (
			);
			inputPaths = (
			);
			name = "[CP] Copy Pods Resources";
			outputPaths = (
			);
			runOnlyForDeploymentPostprocessing = 0;
			shellPath = /bin/sh;
			shellScript = "\"${SRCROOT}/Pods/Target Support Files/Pods-ILoveYouUITests/Pods-ILoveYouUITests-resources.sh\"\n";
			showEnvVarsInLog = 0;
		};
		EA7B65003AF346FFC8A88820 /* [CP] Check Pods Manifest.lock */ = {
			isa = PBXShellScriptBuildPhase;
			buildActionMask = 2147483647;
			files = (
			);
			inputPaths = (
			);
			name = "[CP] Check Pods Manifest.lock";
			outputPaths = (
			);
			runOnlyForDeploymentPostprocessing = 0;
			shellPath = /bin/sh;
			shellScript = "diff \"${PODS_ROOT}/../Podfile.lock\" \"${PODS_ROOT}/Manifest.lock\" > /dev/null\nif [ $? != 0 ] ; then\n    # print error to STDERR\n    echo \"error: The sandbox is not in sync with the Podfile.lock. Run 'pod install' or update your CocoaPods installation.\" >&2\n    exit 1\nfi\n";
			showEnvVarsInLog = 0;
		};
		EF4A435C2D2D8D090E1D0C8D /* [CP] Check Pods Manifest.lock */ = {
			isa = PBXShellScriptBuildPhase;
			buildActionMask = 2147483647;
			files = (
			);
			inputPaths = (
			);
			name = "[CP] Check Pods Manifest.lock";
			outputPaths = (
			);
			runOnlyForDeploymentPostprocessing = 0;
			shellPath = /bin/sh;
			shellScript = "diff \"${PODS_ROOT}/../Podfile.lock\" \"${PODS_ROOT}/Manifest.lock\" > /dev/null\nif [ $? != 0 ] ; then\n    # print error to STDERR\n    echo \"error: The sandbox is not in sync with the Podfile.lock. Run 'pod install' or update your CocoaPods installation.\" >&2\n    exit 1\nfi\n";
			showEnvVarsInLog = 0;
		};
		F47C417289C4A78F32500DC1 /* [CP] Copy Pods Resources */ = {
			isa = PBXShellScriptBuildPhase;
			buildActionMask = 2147483647;
			files = (
			);
			inputPaths = (
			);
			name = "[CP] Copy Pods Resources";
			outputPaths = (
			);
			runOnlyForDeploymentPostprocessing = 0;
			shellPath = /bin/sh;
			shellScript = "\"${SRCROOT}/Pods/Target Support Files/Pods-ILoveYouTests/Pods-ILoveYouTests-resources.sh\"\n";
			showEnvVarsInLog = 0;
		};
		F52F591F6F4832B9FA1F7458 /* [CP] Embed Pods Frameworks */ = {
			isa = PBXShellScriptBuildPhase;
			buildActionMask = 2147483647;
			files = (
			);
			inputPaths = (
			);
			name = "[CP] Embed Pods Frameworks";
			outputPaths = (
			);
			runOnlyForDeploymentPostprocessing = 0;
			shellPath = /bin/sh;
			shellScript = "\"${SRCROOT}/Pods/Target Support Files/Pods-ILoveYouUITests/Pods-ILoveYouUITests-frameworks.sh\"\n";
			showEnvVarsInLog = 0;
		};
/* End PBXShellScriptBuildPhase section */

/* Begin PBXSourcesBuildPhase section */
		232E8DA21F016DAF00E642FE /* Sources */ = {
			isa = PBXSourcesBuildPhase;
			buildActionMask = 2147483647;
			files = (
				238622BC1F86202200BB32AC /* Shared.swift in Sources */,
				232E8DAC1F016DAF00E642FE /* ViewController.swift in Sources */,
				23F8E3091F08319A00D05E5A /* Keys.swift in Sources */,
				239CFC711F88C2C600AB7758 /* UIButton.swift in Sources */,
				2312DBC71F472C4A006BB2D2 /* AudioPlayer.swift in Sources */,
				238622BE1F862EF500BB32AC /* GradienViewGrafic.swift in Sources */,
				239CFC741F88C2DB00AB7758 /* Int.swift in Sources */,
				2340247D1F0673DB00CE742C /* UIView.swift in Sources */,
				232E8DAA1F016DAF00E642FE /* AppDelegate.swift in Sources */,
			);
			runOnlyForDeploymentPostprocessing = 0;
		};
		232E8DB61F016DAF00E642FE /* Sources */ = {
			isa = PBXSourcesBuildPhase;
			buildActionMask = 2147483647;
			files = (
				232E8DBF1F016DAF00E642FE /* ILoveYouTests.swift in Sources */,
			);
			runOnlyForDeploymentPostprocessing = 0;
		};
		232E8DC11F016DAF00E642FE /* Sources */ = {
			isa = PBXSourcesBuildPhase;
			buildActionMask = 2147483647;
			files = (
				232E8DCA1F016DAF00E642FE /* ILoveYouUITests.swift in Sources */,
			);
			runOnlyForDeploymentPostprocessing = 0;
		};
/* End PBXSourcesBuildPhase section */

/* Begin PBXTargetDependency section */
		232E8DBC1F016DAF00E642FE /* PBXTargetDependency */ = {
			isa = PBXTargetDependency;
			target = 232E8DA51F016DAF00E642FE /* ILoveYou */;
			targetProxy = 232E8DBB1F016DAF00E642FE /* PBXContainerItemProxy */;
		};
		232E8DC71F016DAF00E642FE /* PBXTargetDependency */ = {
			isa = PBXTargetDependency;
			target = 232E8DA51F016DAF00E642FE /* ILoveYou */;
			targetProxy = 232E8DC61F016DAF00E642FE /* PBXContainerItemProxy */;
		};
		233AF93D1F84FB0A0047141B /* PBXTargetDependency */ = {
			isa = PBXTargetDependency;
			name = FloatingHearts;
			targetProxy = 233AF93C1F84FB0A0047141B /* PBXContainerItemProxy */;
		};
/* End PBXTargetDependency section */

/* Begin PBXVariantGroup section */
		232E8DAD1F016DAF00E642FE /* Main.storyboard */ = {
			isa = PBXVariantGroup;
			children = (
				232E8DAE1F016DAF00E642FE /* Base */,
			);
			name = Main.storyboard;
			sourceTree = "<group>";
		};
		232E8DB21F016DAF00E642FE /* LaunchScreen.storyboard */ = {
			isa = PBXVariantGroup;
			children = (
				232E8DB31F016DAF00E642FE /* Base */,
			);
			name = LaunchScreen.storyboard;
			sourceTree = "<group>";
		};
/* End PBXVariantGroup section */

/* Begin XCBuildConfiguration section */
		232E8DCC1F016DAF00E642FE /* Debug */ = {
			isa = XCBuildConfiguration;
			buildSettings = {
				ALWAYS_SEARCH_USER_PATHS = NO;
				CLANG_ANALYZER_NONNULL = YES;
				CLANG_ANALYZER_NUMBER_OBJECT_CONVERSION = YES_AGGRESSIVE;
				CLANG_CXX_LANGUAGE_STANDARD = "gnu++0x";
				CLANG_CXX_LIBRARY = "libc++";
				CLANG_ENABLE_MODULES = YES;
				CLANG_ENABLE_OBJC_ARC = YES;
				CLANG_WARN_BOOL_CONVERSION = YES;
				CLANG_WARN_CONSTANT_CONVERSION = YES;
				CLANG_WARN_DIRECT_OBJC_ISA_USAGE = YES_ERROR;
				CLANG_WARN_DOCUMENTATION_COMMENTS = YES;
				CLANG_WARN_EMPTY_BODY = YES;
				CLANG_WARN_ENUM_CONVERSION = YES;
				CLANG_WARN_INFINITE_RECURSION = YES;
				CLANG_WARN_INT_CONVERSION = YES;
				CLANG_WARN_OBJC_ROOT_CLASS = YES_ERROR;
				CLANG_WARN_SUSPICIOUS_MOVE = YES;
				CLANG_WARN_UNREACHABLE_CODE = YES;
				CLANG_WARN__DUPLICATE_METHOD_MATCH = YES;
				"CODE_SIGN_IDENTITY[sdk=iphoneos*]" = "iPhone Developer";
				COPY_PHASE_STRIP = NO;
				DEBUG_INFORMATION_FORMAT = dwarf;
				ENABLE_STRICT_OBJC_MSGSEND = YES;
				ENABLE_TESTABILITY = YES;
				GCC_C_LANGUAGE_STANDARD = gnu99;
				GCC_DYNAMIC_NO_PIC = NO;
				GCC_NO_COMMON_BLOCKS = YES;
				GCC_OPTIMIZATION_LEVEL = 0;
				GCC_PREPROCESSOR_DEFINITIONS = (
					"DEBUG=1",
					"$(inherited)",
				);
				GCC_WARN_64_TO_32_BIT_CONVERSION = YES;
				GCC_WARN_ABOUT_RETURN_TYPE = YES_ERROR;
				GCC_WARN_UNDECLARED_SELECTOR = YES;
				GCC_WARN_UNINITIALIZED_AUTOS = YES_AGGRESSIVE;
				GCC_WARN_UNUSED_FUNCTION = YES;
				GCC_WARN_UNUSED_VARIABLE = YES;
				IPHONEOS_DEPLOYMENT_TARGET = 10.3;
				MTL_ENABLE_DEBUG_INFO = YES;
				ONLY_ACTIVE_ARCH = YES;
				SDKROOT = iphoneos;
				SWIFT_ACTIVE_COMPILATION_CONDITIONS = DEBUG;
				SWIFT_OPTIMIZATION_LEVEL = "-Onone";
				TARGETED_DEVICE_FAMILY = "1,2";
			};
			name = Debug;
		};
		232E8DCD1F016DAF00E642FE /* Release */ = {
			isa = XCBuildConfiguration;
			buildSettings = {
				ALWAYS_SEARCH_USER_PATHS = NO;
				CLANG_ANALYZER_NONNULL = YES;
				CLANG_ANALYZER_NUMBER_OBJECT_CONVERSION = YES_AGGRESSIVE;
				CLANG_CXX_LANGUAGE_STANDARD = "gnu++0x";
				CLANG_CXX_LIBRARY = "libc++";
				CLANG_ENABLE_MODULES = YES;
				CLANG_ENABLE_OBJC_ARC = YES;
				CLANG_WARN_BOOL_CONVERSION = YES;
				CLANG_WARN_CONSTANT_CONVERSION = YES;
				CLANG_WARN_DIRECT_OBJC_ISA_USAGE = YES_ERROR;
				CLANG_WARN_DOCUMENTATION_COMMENTS = YES;
				CLANG_WARN_EMPTY_BODY = YES;
				CLANG_WARN_ENUM_CONVERSION = YES;
				CLANG_WARN_INFINITE_RECURSION = YES;
				CLANG_WARN_INT_CONVERSION = YES;
				CLANG_WARN_OBJC_ROOT_CLASS = YES_ERROR;
				CLANG_WARN_SUSPICIOUS_MOVE = YES;
				CLANG_WARN_UNREACHABLE_CODE = YES;
				CLANG_WARN__DUPLICATE_METHOD_MATCH = YES;
				"CODE_SIGN_IDENTITY[sdk=iphoneos*]" = "iPhone Developer";
				COPY_PHASE_STRIP = NO;
				DEBUG_INFORMATION_FORMAT = "dwarf-with-dsym";
				ENABLE_NS_ASSERTIONS = NO;
				ENABLE_STRICT_OBJC_MSGSEND = YES;
				GCC_C_LANGUAGE_STANDARD = gnu99;
				GCC_NO_COMMON_BLOCKS = YES;
				GCC_WARN_64_TO_32_BIT_CONVERSION = YES;
				GCC_WARN_ABOUT_RETURN_TYPE = YES_ERROR;
				GCC_WARN_UNDECLARED_SELECTOR = YES;
				GCC_WARN_UNINITIALIZED_AUTOS = YES_AGGRESSIVE;
				GCC_WARN_UNUSED_FUNCTION = YES;
				GCC_WARN_UNUSED_VARIABLE = YES;
				IPHONEOS_DEPLOYMENT_TARGET = 10.3;
				MTL_ENABLE_DEBUG_INFO = NO;
				SDKROOT = iphoneos;
				SWIFT_OPTIMIZATION_LEVEL = "-Owholemodule";
				TARGETED_DEVICE_FAMILY = "1,2";
				VALIDATE_PRODUCT = YES;
			};
			name = Release;
		};
		232E8DCF1F016DAF00E642FE /* Debug */ = {
			isa = XCBuildConfiguration;
			baseConfigurationReference = 293D9F1FB65FB3C708BE6BD7 /* Pods-ILoveYou.debug.xcconfig */;
			buildSettings = {
				ALWAYS_EMBED_SWIFT_STANDARD_LIBRARIES = YES;
				ASSETCATALOG_COMPILER_APPICON_NAME = AppIcon;
				DEVELOPMENT_TEAM = HS2EBXX3A9;
				INFOPLIST_FILE = ILoveYou/Info.plist;
				LD_RUNPATH_SEARCH_PATHS = "$(inherited) @executable_path/Frameworks";
				PRODUCT_BUNDLE_IDENTIFIER = krote.dom.tania.ILoveYou;
				PRODUCT_NAME = "$(TARGET_NAME)";
				SWIFT_VERSION = 3.0;
			};
			name = Debug;
		};
		232E8DD01F016DAF00E642FE /* Release */ = {
			isa = XCBuildConfiguration;
			baseConfigurationReference = CC89CCC80C381320E19DB942 /* Pods-ILoveYou.release.xcconfig */;
			buildSettings = {
				ALWAYS_EMBED_SWIFT_STANDARD_LIBRARIES = YES;
				ASSETCATALOG_COMPILER_APPICON_NAME = AppIcon;
				DEVELOPMENT_TEAM = HS2EBXX3A9;
				INFOPLIST_FILE = ILoveYou/Info.plist;
				LD_RUNPATH_SEARCH_PATHS = "$(inherited) @executable_path/Frameworks";
				PRODUCT_BUNDLE_IDENTIFIER = krote.dom.tania.ILoveYou;
				PRODUCT_NAME = "$(TARGET_NAME)";
				SWIFT_VERSION = 3.0;
			};
			name = Release;
		};
		232E8DD21F016DAF00E642FE /* Debug */ = {
			isa = XCBuildConfiguration;
			baseConfigurationReference = 30067C6790784342B641D367 /* Pods-ILoveYouTests.debug.xcconfig */;
			buildSettings = {
				ALWAYS_EMBED_SWIFT_STANDARD_LIBRARIES = YES;
				BUNDLE_LOADER = "$(TEST_HOST)";
				DEVELOPMENT_TEAM = HS2EBXX3A9;
				INFOPLIST_FILE = ILoveYouTests/Info.plist;
				LD_RUNPATH_SEARCH_PATHS = "$(inherited) @executable_path/Frameworks @loader_path/Frameworks";
				PRODUCT_BUNDLE_IDENTIFIER = krote.dom.tania.ILoveYouTests;
				PRODUCT_NAME = "$(TARGET_NAME)";
				SWIFT_VERSION = 3.0;
				TEST_HOST = "$(BUILT_PRODUCTS_DIR)/ILoveYou.app/ILoveYou";
			};
			name = Debug;
		};
		232E8DD31F016DAF00E642FE /* Release */ = {
			isa = XCBuildConfiguration;
			baseConfigurationReference = 61DCBEDCDFC046B29F0D3929 /* Pods-ILoveYouTests.release.xcconfig */;
			buildSettings = {
				ALWAYS_EMBED_SWIFT_STANDARD_LIBRARIES = YES;
				BUNDLE_LOADER = "$(TEST_HOST)";
				DEVELOPMENT_TEAM = HS2EBXX3A9;
				INFOPLIST_FILE = ILoveYouTests/Info.plist;
				LD_RUNPATH_SEARCH_PATHS = "$(inherited) @executable_path/Frameworks @loader_path/Frameworks";
				PRODUCT_BUNDLE_IDENTIFIER = krote.dom.tania.ILoveYouTests;
				PRODUCT_NAME = "$(TARGET_NAME)";
				SWIFT_VERSION = 3.0;
				TEST_HOST = "$(BUILT_PRODUCTS_DIR)/ILoveYou.app/ILoveYou";
			};
			name = Release;
		};
		232E8DD51F016DAF00E642FE /* Debug */ = {
			isa = XCBuildConfiguration;
			baseConfigurationReference = FA25F7C7E1E7CFFAFA6EEEE1 /* Pods-ILoveYouUITests.debug.xcconfig */;
			buildSettings = {
				ALWAYS_EMBED_SWIFT_STANDARD_LIBRARIES = YES;
				DEVELOPMENT_TEAM = HS2EBXX3A9;
				INFOPLIST_FILE = ILoveYouUITests/Info.plist;
				LD_RUNPATH_SEARCH_PATHS = "$(inherited) @executable_path/Frameworks @loader_path/Frameworks";
				PRODUCT_BUNDLE_IDENTIFIER = krote.dom.tania.ILoveYouUITests;
				PRODUCT_NAME = "$(TARGET_NAME)";
				SWIFT_VERSION = 3.0;
				TEST_TARGET_NAME = ILoveYou;
			};
			name = Debug;
		};
		232E8DD61F016DAF00E642FE /* Release */ = {
			isa = XCBuildConfiguration;
			baseConfigurationReference = DB9BB25A614FA7A79D6A975F /* Pods-ILoveYouUITests.release.xcconfig */;
			buildSettings = {
				ALWAYS_EMBED_SWIFT_STANDARD_LIBRARIES = YES;
				DEVELOPMENT_TEAM = HS2EBXX3A9;
				INFOPLIST_FILE = ILoveYouUITests/Info.plist;
				LD_RUNPATH_SEARCH_PATHS = "$(inherited) @executable_path/Frameworks @loader_path/Frameworks";
				PRODUCT_BUNDLE_IDENTIFIER = krote.dom.tania.ILoveYouUITests;
				PRODUCT_NAME = "$(TARGET_NAME)";
				SWIFT_VERSION = 3.0;
				TEST_TARGET_NAME = ILoveYou;
			};
			name = Release;
		};
/* End XCBuildConfiguration section */

/* Begin XCConfigurationList section */
		232E8DA11F016DAF00E642FE /* Build configuration list for PBXProject "ILoveYou" */ = {
			isa = XCConfigurationList;
			buildConfigurations = (
				232E8DCC1F016DAF00E642FE /* Debug */,
				232E8DCD1F016DAF00E642FE /* Release */,
			);
			defaultConfigurationIsVisible = 0;
			defaultConfigurationName = Release;
		};
		232E8DCE1F016DAF00E642FE /* Build configuration list for PBXNativeTarget "ILoveYou" */ = {
			isa = XCConfigurationList;
			buildConfigurations = (
				232E8DCF1F016DAF00E642FE /* Debug */,
				232E8DD01F016DAF00E642FE /* Release */,
			);
			defaultConfigurationIsVisible = 0;
			defaultConfigurationName = Release;
		};
		232E8DD11F016DAF00E642FE /* Build configuration list for PBXNativeTarget "ILoveYouTests" */ = {
			isa = XCConfigurationList;
			buildConfigurations = (
				232E8DD21F016DAF00E642FE /* Debug */,
				232E8DD31F016DAF00E642FE /* Release */,
			);
			defaultConfigurationIsVisible = 0;
			defaultConfigurationName = Release;
		};
		232E8DD41F016DAF00E642FE /* Build configuration list for PBXNativeTarget "ILoveYouUITests" */ = {
			isa = XCConfigurationList;
			buildConfigurations = (
				232E8DD51F016DAF00E642FE /* Debug */,
				232E8DD61F016DAF00E642FE /* Release */,
			);
			defaultConfigurationIsVisible = 0;
			defaultConfigurationName = Release;
		};
/* End XCConfigurationList section */
	};
	rootObject = 232E8D9E1F016DAF00E642FE /* Project object */;
}
